
Microsoft Visual Studio Solution File, Format Version 12.00
# Visual Studio 15
VisualStudioVersion = 15.0.28307.1267
MinimumVisualStudioVersion = 10.0.40219.1
Project("{8BC9CEB8-8B4A-11D0-8D11-00A0C91BC942}") = "dblib", "dblib\dblib.vcxproj", "{29DB84D1-D903-4B2C-B6F5-7A2B76FEDF00}"
EndProject
Project("{8BC9CEB8-8B4A-11D0-8D11-00A0C91BC942}") = "dblibtests", "dblibtests\dblibtests.vcxproj", "{C48E8F0F-5DE3-4281-8719-8243945771FF}"
	ProjectSection(ProjectDependencies) = postProject
		{29DB84D1-D903-4B2C-B6F5-7A2B76FEDF00} = {29DB84D1-D903-4B2C-B6F5-7A2B76FEDF00}
	EndProjectSection
EndProject
Global
	GlobalSection(SolutionConfigurationPlatforms) = preSolution
		Debug|x64 = Debug|x64
		Debug|x86 = Debug|x86
		Release|x64 = Release|x64
		Release|x86 = Release|x86
	EndGlobalSection
	GlobalSection(ProjectConfigurationPlatforms) = postSolution
		{29DB84D1-D903-4B2C-B6F5-7A2B76FEDF00}.Debug|x64.ActiveCfg = Debug|x64
		{29DB84D1-D903-4B2C-B6F5-7A2B76FEDF00}.Debug|x64.Build.0 = Debug|x64
		{29DB84D1-D903-4B2C-B6F5-7A2B76FEDF00}.Debug|x86.ActiveCfg = Debug|Win32
		{29DB84D1-D903-4B2C-B6F5-7A2B76FEDF00}.Debug|x86.Build.0 = Debug|Win32
		{29DB84D1-D903-4B2C-B6F5-7A2B76FEDF00}.Release|x64.ActiveCfg = Release|x64
		{29DB84D1-D903-4B2C-B6F5-7A2B76FEDF00}.Release|x64.Build.0 = Release|x64
		{29DB84D1-D903-4B2C-B6F5-7A2B76FEDF00}.Release|x86.ActiveCfg = Release|Win32
		{29DB84D1-D903-4B2C-B6F5-7A2B76FEDF00}.Release|x86.Build.0 = Release|Win32
		{C48E8F0F-5DE3-4281-8719-8243945771FF}.Debug|x64.ActiveCfg = Debug|x64
		{C48E8F0F-5DE3-4281-8719-8243945771FF}.Debug|x64.Build.0 = Debug|x64
		{C48E8F0F-5DE3-4281-8719-8243945771FF}.Debug|x86.ActiveCfg = Debug|Win32
		{C48E8F0F-5DE3-4281-8719-8243945771FF}.Debug|x86.Build.0 = Debug|Win32
		{C48E8F0F-5DE3-4281-8719-8243945771FF}.Release|x64.ActiveCfg = Release|x64
		{C48E8F0F-5DE3-4281-8719-8243945771FF}.Release|x64.Build.0 = Release|x64
		{C48E8F0F-5DE3-4281-8719-8243945771FF}.Release|x86.ActiveCfg = Release|Win32
		{C48E8F0F-5DE3-4281-8719-8243945771FF}.Release|x86.Build.0 = Release|Win32
	EndGlobalSection
	GlobalSection(SolutionProperties) = preSolution
		HideSolutionNode = FALSE
	EndGlobalSection
	GlobalSection(ExtensibilityGlobals) = postSolution
		SolutionGuid = {1C5386A6-23CF-456E-8781-77464EE9F4E6}
	EndGlobalSection
EndGlobal
